// !$*UTF8*$!
{
	archiveVersion = 1;
	classes = {
	};
	objectVersion = 46;
	objects = {

/* Begin PBXBuildFile section */
		AAAE28781E9E0AFD00701BB9 /* AppDelegate.swift in Sources */ = {isa = PBXBuildFile; fileRef = AAAE28771E9E0AFD00701BB9 /* AppDelegate.swift */; };
		AAAE287A1E9E0AFD00701BB9 /* ViewController.swift in Sources */ = {isa = PBXBuildFile; fileRef = AAAE28791E9E0AFD00701BB9 /* ViewController.swift */; };
		AAAE287D1E9E0AFD00701BB9 /* Main.storyboard in Resources */ = {isa = PBXBuildFile; fileRef = AAAE287B1E9E0AFD00701BB9 /* Main.storyboard */; };
		AAAE287F1E9E0AFD00701BB9 /* Assets.xcassets in Resources */ = {isa = PBXBuildFile; fileRef = AAAE287E1E9E0AFD00701BB9 /* Assets.xcassets */; };
		AAAE28821E9E0AFD00701BB9 /* LaunchScreen.storyboard in Resources */ = {isa = PBXBuildFile; fileRef = AAAE28801E9E0AFD00701BB9 /* LaunchScreen.storyboard */; };
/* End PBXBuildFile section */

/* Begin PBXFileReference section */
		AAAE28741E9E0AFD00701BB9 /* NavGATOR.app */ = {isa = PBXFileReference; explicitFileType = wrapper.application; includeInIndex = 0; path = NavGATOR.app; sourceTree = BUILT_PRODUCTS_DIR; };
		AAAE28771E9E0AFD00701BB9 /* AppDelegate.swift */ = {isa = PBXFileReference; lastKnownFileType = sourcecode.swift; path = AppDelegate.swift; sourceTree = "<group>"; };
		AAAE28791E9E0AFD00701BB9 /* ViewController.swift */ = {isa = PBXFileReference; lastKnownFileType = sourcecode.swift; path = ViewController.swift; sourceTree = "<group>"; };
		AAAE287C1E9E0AFD00701BB9 /* Base */ = {isa = PBXFileReference; lastKnownFileType = file.storyboard; name = Base; path = Base.lproj/Main.storyboard; sourceTree = "<group>"; };
		AAAE287E1E9E0AFD00701BB9 /* Assets.xcassets */ = {isa = PBXFileReference; lastKnownFileType = folder.assetcatalog; path = Assets.xcassets; sourceTree = "<group>"; };
		AAAE28811E9E0AFD00701BB9 /* Base */ = {isa = PBXFileReference; lastKnownFileType = file.storyboard; name = Base; path = Base.lproj/LaunchScreen.storyboard; sourceTree = "<group>"; };
		AAAE28831E9E0AFD00701BB9 /* Info.plist */ = {isa = PBXFileReference; lastKnownFileType = text.plist.xml; path = Info.plist; sourceTree = "<group>"; };
/* End PBXFileReference section */

/* Begin PBXFrameworksBuildPhase section */
		AAAE28711E9E0AFD00701BB9 /* Frameworks */ = {
			isa = PBXFrameworksBuildPhase;
			buildActionMask = 2147483647;
			files = (
			);
			runOnlyForDeploymentPostprocessing = 0;
		};
/* End PBXFrameworksBuildPhase section */

/* Begin PBXGroup section */
		AAAE286B1E9E0AFD00701BB9 = {
			isa = PBXGroup;
			children = (
				AAAE28761E9E0AFD00701BB9 /* NavGATOR */,
				AAAE28751E9E0AFD00701BB9 /* Products */,
			);
			sourceTree = "<group>";
		};
		AAAE28751E9E0AFD00701BB9 /* Products */ = {
			isa = PBXGroup;
			children = (
				AAAE28741E9E0AFD00701BB9 /* NavGATOR.app */,
			);
			name = Products;
			sourceTree = "<group>";
		};
		AAAE28761E9E0AFD00701BB9 /* NavGATOR */ = {
			isa = PBXGroup;
			children = (
				AAAE28771E9E0AFD00701BB9 /* AppDelegate.swift */,
				AAAE28791E9E0AFD00701BB9 /* ViewController.swift */,
				AAAE287B1E9E0AFD00701BB9 /* Main.storyboard */,
				AAAE287E1E9E0AFD00701BB9 /* Assets.xcassets */,
				AAAE28801E9E0AFD00701BB9 /* LaunchScreen.storyboard */,
				AAAE28831E9E0AFD00701BB9 /* Info.plist */,
			);
			path = NavGATOR;
			sourceTree = "<group>";
		};
/* End PBXGroup section */

/* Begin PBXNativeTarget section */
		AAAE28731E9E0AFD00701BB9 /* NavGATOR */ = {
			isa = PBXNativeTarget;
			buildConfigurationList = AAAE28861E9E0AFD00701BB9 /* Build configuration list for PBXNativeTarget "NavGATOR" */;
			buildPhases = (
				AAAE28701E9E0AFD00701BB9 /* Sources */,
				AAAE28711E9E0AFD00701BB9 /* Frameworks */,
				AAAE28721E9E0AFD00701BB9 /* Resources */,
			);
			buildRules = (
			);
			dependencies = (
			);
			name = NavGATOR;
			productName = NavGATOR;
			productReference = AAAE28741E9E0AFD00701BB9 /* NavGATOR.app */;
			productType = "com.apple.product-type.application";
		};
/* End PBXNativeTarget section */

/* Begin PBXProject section */
		AAAE286C1E9E0AFD00701BB9 /* Project object */ = {
			isa = PBXProject;
			attributes = {
				LastSwiftUpdateCheck = 0820;
				LastUpgradeCheck = 0820;
				ORGANIZATIONNAME = "Yuma Soerianto";
				TargetAttributes = {
					AAAE28731E9E0AFD00701BB9 = {
						CreatedOnToolsVersion = 8.2.1;
						DevelopmentTeam = HVY6VB7T6Y;
						ProvisioningStyle = Automatic;
					};
				};
			};
			buildConfigurationList = AAAE286F1E9E0AFD00701BB9 /* Build configuration list for PBXProject "NavGATOR" */;
			compatibilityVersion = "Xcode 3.2";
			developmentRegion = English;
			hasScannedForEncodings = 0;
			knownRegions = (
				en,
				Base,
			);
			mainGroup = AAAE286B1E9E0AFD00701BB9;
			productRefGroup = AAAE28751E9E0AFD00701BB9 /* Products */;
			projectDirPath = "";
			projectRoot = "";
			targets = (
				AAAE28731E9E0AFD00701BB9 /* NavGATOR */,
			);
		};
/* End PBXProject section */

/* Begin PBXResourcesBuildPhase section */
		AAAE28721E9E0AFD00701BB9 /* Resources */ = {
			isa = PBXResourcesBuildPhase;
			buildActionMask = 2147483647;
			files = (
				AAAE28821E9E0AFD00701BB9 /* LaunchScreen.storyboard in Resources */,
				AAAE287F1E9E0AFD00701BB9 /* Assets.xcassets in Resources */,
				AAAE287D1E9E0AFD00701BB9 /* Main.storyboard in Resources */,
			);
			runOnlyForDeploymentPostprocessing = 0;
		};
/* End PBXResourcesBuildPhase section */

/* Begin PBXSourcesBuildPhase section */
		AAAE28701E9E0AFD00701BB9 /* Sources */ = {
			isa = PBXSourcesBuildPhase;
			buildActionMask = 2147483647;
			files = (
				AAAE287A1E9E0AFD00701BB9 /* ViewController.swift in Sources */,
				AAAE28781E9E0AFD00701BB9 /* AppDelegate.swift in Sources */,
			);
			runOnlyForDeploymentPostprocessing = 0;
		};
/* End PBXSourcesBuildPhase section */

/* Begin PBXVariantGroup section */
		AAAE287B1E9E0AFD00701BB9 /* Main.storyboard */ = {
			isa = PBXVariantGroup;
			children = (
				AAAE287C1E9E0AFD00701BB9 /* Base */,
			);
			name = Main.storyboard;
			sourceTree = "<group>";
		};
		AAAE28801E9E0AFD00701BB9 /* LaunchScreen.storyboard */ = {
			isa = PBXVariantGroup;
			children = (
				AAAE28811E9E0AFD00701BB9 /* Base */,
			);
			name = LaunchScreen.storyboard;
			sourceTree = "<group>";
		};
/* End PBXVariantGroup section */

/* Begin XCBuildConfiguration section */
		AAAE28841E9E0AFD00701BB9 /* Debug */ = {
			isa = XCBuildConfiguration;
			buildSettings = {
				ALWAYS_SEARCH_USER_PATHS = NO;
				CLANG_ANALYZER_NONNULL = YES;
				CLANG_CXX_LANGUAGE_STANDARD = "gnu++0x";
				CLANG_CXX_LIBRARY = "libc++";
				CLANG_ENABLE_MODULES = YES;
				CLANG_ENABLE_OBJC_ARC = YES;
				CLANG_WARN_BOOL_CONVERSION = YES;
				CLANG_WARN_CONSTANT_CONVERSION = YES;
				CLANG_WARN_DIRECT_OBJC_ISA_USAGE = YES_ERROR;
				CLANG_WARN_DOCUMENTATION_COMMENTS = YES;
				CLANG_WARN_EMPTY_BODY = YES;
				CLANG_WARN_ENUM_CONVERSION = YES;
				CLANG_WARN_INFINITE_RECURSION = YES;
				CLANG_WARN_INT_CONVERSION = YES;
				CLANG_WARN_OBJC_ROOT_CLASS = YES_ERROR;
				CLANG_WARN_SUSPICIOUS_MOVE = YES;
				CLANG_WARN_UNREACHABLE_CODE = YES;
				CLANG_WARN__DUPLICATE_METHOD_MATCH = YES;
				"CODE_SIGN_IDENTITY[sdk=iphoneos*]" = "iPhone Developer";
				COPY_PHASE_STRIP = NO;
				DEBUG_INFORMATION_FORMAT = dwarf;
				ENABLE_STRICT_OBJC_MSGSEND = YES;
				ENABLE_TESTABILITY = YES;
				GCC_C_LANGUAGE_STANDARD = gnu99;
				GCC_DYNAMIC_NO_PIC = NO;
				GCC_NO_COMMON_BLOCKS = YES;
				GCC_OPTIMIZATION_LEVEL = 0;
				GCC_PREPROCESSOR_DEFINITIONS = (
					"DEBUG=1",
					"$(inherited)",
				);
				GCC_WARN_64_TO_32_BIT_CONVERSION = YES;
				GCC_WARN_ABOUT_RETURN_TYPE = YES_ERROR;
				GCC_WARN_UNDECLARED_SELECTOR = YES;
				GCC_WARN_UNINITIALIZED_AUTOS = YES_AGGRESSIVE;
				GCC_WARN_UNUSED_FUNCTION = YES;
				GCC_WARN_UNUSED_VARIABLE = YES;
				IPHONEOS_DEPLOYMENT_TARGET = 10.2;
				MTL_ENABLE_DEBUG_INFO = YES;
				ONLY_ACTIVE_ARCH = YES;
				SDKROOT = iphoneos;
				SWIFT_ACTIVE_COMPILATION_CONDITIONS = DEBUG;
				SWIFT_OPTIMIZATION_LEVEL = "-Onone";
				TARGETED_DEVICE_FAMILY = "1,2";
			};
			name = Debug;
		};
		AAAE28851E9E0AFD00701BB9 /* Release */ = {
			isa = XCBuildConfiguration;
			buildSettings = {
				ALWAYS_SEARCH_USER_PATHS = NO;
				CLANG_ANALYZER_NONNULL = YES;
				CLANG_CXX_LANGUAGE_STANDARD = "gnu++0x";
				CLANG_CXX_LIBRARY = "libc++";
				CLANG_ENABLE_MODULES = YES;
				CLANG_ENABLE_OBJC_ARC = YES;
				CLANG_WARN_BOOL_CONVERSION = YES;
				CLANG_WARN_CONSTANT_CONVERSION = YES;
				CLANG_WARN_DIRECT_OBJC_ISA_USAGE = YES_ERROR;
				CLANG_WARN_DOCUMENTATION_COMMENTS = YES;
				CLANG_WARN_EMPTY_BODY = YES;
				CLANG_WARN_ENUM_CONVERSION = YES;
				CLANG_WARN_INFINITE_RECURSION = YES;
				CLANG_WARN_INT_CONVERSION = YES;
				CLANG_WARN_OBJC_ROOT_CLASS = YES_ERROR;
				CLANG_WARN_SUSPICIOUS_MOVE = YES;
				CLANG_WARN_UNREACHABLE_CODE = YES;
				CLANG_WARN__DUPLICATE_METHOD_MATCH = YES;
				"CODE_SIGN_IDENTITY[sdk=iphoneos*]" = "iPhone Developer";
				COPY_PHASE_STRIP = NO;
				DEBUG_INFORMATION_FORMAT = "dwarf-with-dsym";
				ENABLE_NS_ASSERTIONS = NO;
				ENABLE_STRICT_OBJC_MSGSEND = YES;
				GCC_C_LANGUAGE_STANDARD = gnu99;
				GCC_NO_COMMON_BLOCKS = YES;
				GCC_WARN_64_TO_32_BIT_CONVERSION = YES;
				GCC_WARN_ABOUT_RETURN_TYPE = YES_ERROR;
				GCC_WARN_UNDECLARED_SELECTOR = YES;
				GCC_WARN_UNINITIALIZED_AUTOS = YES_AGGRESSIVE;
				GCC_WARN_UNUSED_FUNCTION = YES;
				GCC_WARN_UNUSED_VARIABLE = YES;
				IPHONEOS_DEPLOYMENT_TARGET = 10.2;
				MTL_ENABLE_DEBUG_INFO = NO;
				SDKROOT = iphoneos;
				SWIFT_OPTIMIZATION_LEVEL = "-Owholemodule";
				TARGETED_DEVICE_FAMILY = "1,2";
				VALIDATE_PRODUCT = YES;
			};
			name = Release;
		};
		AAAE28871E9E0AFD00701BB9 /* Debug */ = {
			isa = XCBuildConfiguration;
			buildSettings = {
				ASSETCATALOG_COMPILER_APPICON_NAME = AppIcon;
				DEVELOPMENT_TEAM = HVY6VB7T6Y;
				INFOPLIST_FILE = NavGATOR/Info.plist;
				LD_RUNPATH_SEARCH_PATHS = "$(inherited) @executable_path/Frameworks";
				PRODUCT_BUNDLE_IDENTIFIER = com.madebyyuma.NavGATOR;
				PRODUCT_NAME = "$(TARGET_NAME)";
				SWIFT_VERSION = 3.0;
			};
			name = Debug;
		};
		AAAE28881E9E0AFD00701BB9 /* Release */ = {
			isa = XCBuildConfiguration;
			buildSettings = {
				ASSETCATALOG_COMPILER_APPICON_NAME = AppIcon;
				DEVELOPMENT_TEAM = HVY6VB7T6Y;
				INFOPLIST_FILE = NavGATOR/Info.plist;
				LD_RUNPATH_SEARCH_PATHS = "$(inherited) @executable_path/Frameworks";
				PRODUCT_BUNDLE_IDENTIFIER = com.madebyyuma.NavGATOR;
				PRODUCT_NAME = "$(TARGET_NAME)";
				SWIFT_VERSION = 3.0;
			};
			name = Release;
		};
/* End XCBuildConfiguration section */

/* Begin XCConfigurationList section */
		AAAE286F1E9E0AFD00701BB9 /* Build configuration list for PBXProject "NavGATOR" */ = {
			isa = XCConfigurationList;
			buildConfigurations = (
				AAAE28841E9E0AFD00701BB9 /* Debug */,
				AAAE28851E9E0AFD00701BB9 /* Release */,
			);
			defaultConfigurationIsVisible = 0;
			defaultConfigurationName = Release;
		};
		AAAE28861E9E0AFD00701BB9 /* Build configuration list for PBXNativeTarget "NavGATOR" */ = {
			isa = XCConfigurationList;
			buildConfigurations = (
				AAAE28871E9E0AFD00701BB9 /* Debug */,
				AAAE28881E9E0AFD00701BB9 /* Release */,
			);
			defaultConfigurationIsVisible = 0;
		};
/* End XCConfigurationList section */
	};
	rootObject = AAAE286C1E9E0AFD00701BB9 /* Project object */;
}
